<?xml version="1.0" encoding="utf-8"?>
<Project ToolsVersion="4.0" xmlns="http://schemas.microsoft.com/developer/msbuild/2003">
  <ItemGroup>
    <Filter Include="Source Files">
      <UniqueIdentifier>{4FC737F1-C7A5-4376-A066-2A32D752A2FF}</UniqueIdentifier>
      <Extensions>cpp;c;cc;cxx;c++;cppm;ixx;def;odl;idl;hpj;bat;asm;asmx</Extensions>
    </Filter>
    <Filter Include="Header Files">
      <UniqueIdentifier>{93995380-89BD-4b04-88EB-625FBE52EBFB}</UniqueIdentifier>
      <Extensions>h;hh;hpp;hxx;h++;hm;inl;inc;ipp;xsd</Extensions>
    </Filter>
    <Filter Include="Resource Files">
      <UniqueIdentifier>{67DA6AB6-F800-4c08-8B7A-83BB121AAD01}</UniqueIdentifier>
      <Extensions>rc;ico;cur;bmp;dlg;rc2;rct;bin;rgs;gif;jpg;jpeg;jpe;resx;tiff;tif;png;wav;mfcribbon-ms</Extensions>
    </Filter>
    <Filter Include="Source Files\Accuracy">
      <UniqueIdentifier>{1949a8ff-ddae-48b7-bffc-d86a0f6b675f}</UniqueIdentifier>
    </Filter>
    <Filter Include="Source Files\Performance">
      <UniqueIdentifier>{d2cfcbfd-7cd3-4719-af98-975847e3bf5a}</UniqueIdentifier>
    </Filter>
    <Filter Include="Source Files\Utils">
      <UniqueIdentifier>{615d0590-ae35-4e80-9f38-ee3c07f16bf2}</UniqueIdentifier>
    </Filter>
    <Filter Include="Source Files\Matrix">
      <UniqueIdentifier>{1bd031d8-9d48-4fc0-9ea6-3c4361cef40f}</UniqueIdentifier>
    </Filter>
  </ItemGroup>
  <ItemGroup>
    <ClCompile Include="L1.cpp">
      <Filter>Source Files</Filter>
    </ClCompile>
  </ItemGroup>
  <ItemGroup>
    <ClInclude Include="ChronoAccuracy.h">
      <Filter>Source Files\Accuracy</Filter>
    </ClInclude>
    <ClInclude Include="GetSystemTimeAsFileTimeAccuracy.h">
      <Filter>Source Files\Accuracy</Filter>
    </ClInclude>
    <ClInclude Include="GetTickCountAccuracy.h">
      <Filter>Source Files\Accuracy</Filter>
    </ClInclude>
    <ClInclude Include="CalcClockAccuracy.h">
      <Filter>Source Files\Accuracy</Filter>
    </ClInclude>
    <ClInclude Include="OmpWTimeAccuracy.h">
      <Filter>Source Files\Accuracy</Filter>
    </ClInclude>
    <ClInclude Include="RDTSCAccuracy.h">
      <Filter>Source Files\Accuracy</Filter>
    </ClInclude>
    <ClInclude Include="TimeAccuracy.h">
      <Filter>Source Files\Accuracy</Filter>
    </ClInclude>
    <ClInclude Include="QueryPerformanceCounterAccuracy.h">
      <Filter>Source Files\Accuracy</Filter>
    </ClInclude>
    <ClInclude Include="CalcPerformance.h">
      <Filter>Source Files\Performance</Filter>
    </ClInclude>
    <ClInclude Include="SumPerformance.h">
      <Filter>Source Files\Performance</Filter>
    </ClInclude>
    <ClInclude Include="ForceToBeLink.h">
      <Filter>Source Files\Utils</Filter>
    </ClInclude>
    <ClInclude Include="Matrix.h">
      <Filter>Source Files\Matrix</Filter>
    </ClInclude>
  </ItemGroup>
</Project>